
Microsoft Visual Studio Solution File, Format Version 12.00
# Visual Studio Version 17
VisualStudioVersion = 17.14.36203.30
MinimumVisualStudioVersion = 10.0.40219.1
Project("{FAE04EC0-301F-11D3-BF4B-00C04F79EFBC}") = "MarketingMessages", "MarketingMessages\MarketingMessages\MarketingMessages.csproj", "{FEFDF1F2-7D9E-5A72-217E-754DF507235A}"
EndProject
Project("{FAE04EC0-301F-11D3-BF4B-00C04F79EFBC}") = "MarketingMessages.Client", "MarketingMessages\MarketingMessages.Client\MarketingMessages.Client.csproj", "{93783DC9-2171-9ED0-35A5-72F24AC29003}"
EndProject
Project("{FAE04EC0-301F-11D3-BF4B-00C04F79EFBC}") = "MarketingMessages.Shared", "MarketingMessages.Shared\MarketingMessages.Shared.csproj", "{9DA2EE58-E456-07D0-A377-D00D5AAFAD49}"
EndProject
Global
	GlobalSection(SolutionConfigurationPlatforms) = preSolution
		Debug|Any CPU = Debug|Any CPU
		Release|Any CPU = Release|Any CPU
	EndGlobalSection
	GlobalSection(ProjectConfigurationPlatforms) = postSolution
		{FEFDF1F2-7D9E-5A72-217E-754DF507235A}.Debug|Any CPU.ActiveCfg = Debug|Any CPU
		{FEFDF1F2-7D9E-5A72-217E-754DF507235A}.Debug|Any CPU.Build.0 = Debug|Any CPU
		{FEFDF1F2-7D9E-5A72-217E-754DF507235A}.Release|Any CPU.ActiveCfg = Release|Any CPU
		{FEFDF1F2-7D9E-5A72-217E-754DF507235A}.Release|Any CPU.Build.0 = Release|Any CPU
		{93783DC9-2171-9ED0-35A5-72F24AC29003}.Debug|Any CPU.ActiveCfg = Debug|Any CPU
		{93783DC9-2171-9ED0-35A5-72F24AC29003}.Debug|Any CPU.Build.0 = Debug|Any CPU
		{93783DC9-2171-9ED0-35A5-72F24AC29003}.Release|Any CPU.ActiveCfg = Release|Any CPU
		{93783DC9-2171-9ED0-35A5-72F24AC29003}.Release|Any CPU.Build.0 = Release|Any CPU
		{9DA2EE58-E456-07D0-A377-D00D5AAFAD49}.Debug|Any CPU.ActiveCfg = Debug|Any CPU
		{9DA2EE58-E456-07D0-A377-D00D5AAFAD49}.Debug|Any CPU.Build.0 = Debug|Any CPU
		{9DA2EE58-E456-07D0-A377-D00D5AAFAD49}.Release|Any CPU.ActiveCfg = Release|Any CPU
		{9DA2EE58-E456-07D0-A377-D00D5AAFAD49}.Release|Any CPU.Build.0 = Release|Any CPU
	EndGlobalSection
	GlobalSection(SolutionProperties) = preSolution
		HideSolutionNode = FALSE
	EndGlobalSection
	GlobalSection(ExtensibilityGlobals) = postSolution
		SolutionGuid = {A4E071A8-D402-4949-B5BE-4EAEAA20DB1E}
	EndGlobalSection
EndGlobal
